
Microsoft Visual Studio Solution File, Format Version 12.00
# Visual Studio Version 17
VisualStudioVersion = 17.4.33213.308
MinimumVisualStudioVersion = 10.0.40219.1
Project("{FAE04EC0-301F-11D3-BF4B-00C04F79EFBC}") = "SecretsManager.App", "SecretsManager.App\SecretsManager.App.csproj", "{6388A0A0-B1CB-4041-A4DC-B51F0C97B85E}"
EndProject
Global
	GlobalSection(SolutionConfigurationPlatforms) = preSolution
		Debug|Any CPU = Debug|Any CPU
		Release|Any CPU = Release|Any CPU
	EndGlobalSection
	GlobalSection(ProjectConfigurationPlatforms) = postSolution
		{6388A0A0-B1CB-4041-A4DC-B51F0C97B85E}.Debug|Any CPU.ActiveCfg = Debug|Any CPU
		{6388A0A0-B1CB-4041-A4DC-B51F0C97B85E}.Debug|Any CPU.Build.0 = Debug|Any CPU
		{6388A0A0-B1CB-4041-A4DC-B51F0C97B85E}.Release|Any CPU.ActiveCfg = Release|Any CPU
		{6388A0A0-B1CB-4041-A4DC-B51F0C97B85E}.Release|Any CPU.Build.0 = Release|Any CPU
	EndGlobalSection
	GlobalSection(SolutionProperties) = preSolution
		HideSolutionNode = FALSE
	EndGlobalSection
	GlobalSection(ExtensibilityGlobals) = postSolution
		SolutionGuid = {EDBC35B0-A821-41F0-A926-733300F8C8D0}
	EndGlobalSection
EndGlobal
